// !$*UTF8*$!
{
	archiveVersion = 1;
	classes = {
	};
	objectVersion = 46;
	objects = {

/* Begin PBXBuildFile section */
		A74963EB1EAFDF4000905650 /* AppDelegate.swift in Sources */ = {isa = PBXBuildFile; fileRef = A74963EA1EAFDF4000905650 /* AppDelegate.swift */; };
		A74963ED1EAFDF4000905650 /* ViewController.swift in Sources */ = {isa = PBXBuildFile; fileRef = A74963EC1EAFDF4000905650 /* ViewController.swift */; };
		A74963F21EAFDF4000905650 /* Assets.xcassets in Resources */ = {isa = PBXBuildFile; fileRef = A74963F11EAFDF4000905650 /* Assets.xcassets */; };
		A74963F51EAFDF4000905650 /* LaunchScreen.storyboard in Resources */ = {isa = PBXBuildFile; fileRef = A74963F31EAFDF4000905650 /* LaunchScreen.storyboard */; };
		A74963FD1EAFED2100905650 /* TableViewController.swift in Sources */ = {isa = PBXBuildFile; fileRef = A74963FC1EAFED2100905650 /* TableViewController.swift */; };
		A74963FF1EAFED4900905650 /* Main.storyboard in Resources */ = {isa = PBXBuildFile; fileRef = A74963FE1EAFED4900905650 /* Main.storyboard */; };
/* End PBXBuildFile section */

/* Begin PBXFileReference section */
		A74963E71EAFDF4000905650 /* NetworkingAPIGithub.app */ = {isa = PBXFileReference; explicitFileType = wrapper.application; includeInIndex = 0; path = NetworkingAPIGithub.app; sourceTree = BUILT_PRODUCTS_DIR; };
		A74963EA1EAFDF4000905650 /* AppDelegate.swift */ = {isa = PBXFileReference; lastKnownFileType = sourcecode.swift; path = AppDelegate.swift; sourceTree = "<group>"; };
		A74963EC1EAFDF4000905650 /* ViewController.swift */ = {isa = PBXFileReference; lastKnownFileType = sourcecode.swift; path = ViewController.swift; sourceTree = "<group>"; };
		A74963F11EAFDF4000905650 /* Assets.xcassets */ = {isa = PBXFileReference; lastKnownFileType = folder.assetcatalog; path = Assets.xcassets; sourceTree = "<group>"; };
		A74963F41EAFDF4000905650 /* Base */ = {isa = PBXFileReference; lastKnownFileType = file.storyboard; name = Base; path = Base.lproj/LaunchScreen.storyboard; sourceTree = "<group>"; };
		A74963F61EAFDF4000905650 /* Info.plist */ = {isa = PBXFileReference; lastKnownFileType = text.plist.xml; path = Info.plist; sourceTree = "<group>"; };
		A74963FC1EAFED2100905650 /* TableViewController.swift */ = {isa = PBXFileReference; fileEncoding = 4; lastKnownFileType = sourcecode.swift; path = TableViewController.swift; sourceTree = "<group>"; };
		A74963FE1EAFED4900905650 /* Main.storyboard */ = {isa = PBXFileReference; fileEncoding = 4; lastKnownFileType = file.storyboard; path = Main.storyboard; sourceTree = "<group>"; };
/* End PBXFileReference section */

/* Begin PBXFrameworksBuildPhase section */
		A74963E41EAFDF4000905650 /* Frameworks */ = {
			isa = PBXFrameworksBuildPhase;
			buildActionMask = 2147483647;
			files = (
			);
			runOnlyForDeploymentPostprocessing = 0;
		};
/* End PBXFrameworksBuildPhase section */

/* Begin PBXGroup section */
		A74963DE1EAFDF4000905650 = {
			isa = PBXGroup;
			children = (
				A74963E91EAFDF4000905650 /* NetworkingAPIGithub */,
				A74963E81EAFDF4000905650 /* Products */,
			);
			sourceTree = "<group>";
		};
		A74963E81EAFDF4000905650 /* Products */ = {
			isa = PBXGroup;
			children = (
				A74963E71EAFDF4000905650 /* NetworkingAPIGithub.app */,
			);
			name = Products;
			sourceTree = "<group>";
		};
		A74963E91EAFDF4000905650 /* NetworkingAPIGithub */ = {
			isa = PBXGroup;
			children = (
				A74963EA1EAFDF4000905650 /* AppDelegate.swift */,
				A74963EC1EAFDF4000905650 /* ViewController.swift */,
				A74963FE1EAFED4900905650 /* Main.storyboard */,
				A74963F11EAFDF4000905650 /* Assets.xcassets */,
				A74963F31EAFDF4000905650 /* LaunchScreen.storyboard */,
				A74963F61EAFDF4000905650 /* Info.plist */,
				A74963FC1EAFED2100905650 /* TableViewController.swift */,
			);
			path = NetworkingAPIGithub;
			sourceTree = "<group>";
		};
/* End PBXGroup section */

/* Begin PBXNativeTarget section */
		A74963E61EAFDF4000905650 /* NetworkingAPIGithub */ = {
			isa = PBXNativeTarget;
			buildConfigurationList = A74963F91EAFDF4000905650 /* Build configuration list for PBXNativeTarget "NetworkingAPIGithub" */;
			buildPhases = (
				A74963E31EAFDF4000905650 /* Sources */,
				A74963E41EAFDF4000905650 /* Frameworks */,
				A74963E51EAFDF4000905650 /* Resources */,
			);
			buildRules = (
			);
			dependencies = (
			);
			name = NetworkingAPIGithub;
			productName = NetworkingAPIGithub;
			productReference = A74963E71EAFDF4000905650 /* NetworkingAPIGithub.app */;
			productType = "com.apple.product-type.application";
		};
/* End PBXNativeTarget section */

/* Begin PBXProject section */
		A74963DF1EAFDF4000905650 /* Project object */ = {
			isa = PBXProject;
			attributes = {
				LastSwiftUpdateCheck = 0830;
				LastUpgradeCheck = 0830;
				ORGANIZATIONNAME = "Raeid Saqur";
				TargetAttributes = {
					A74963E61EAFDF4000905650 = {
						CreatedOnToolsVersion = 8.3.2;
						DevelopmentTeam = HJ323MUWXQ;
						ProvisioningStyle = Automatic;
					};
				};
			};
			buildConfigurationList = A74963E21EAFDF4000905650 /* Build configuration list for PBXProject "NetworkingAPIGithub" */;
			compatibilityVersion = "Xcode 3.2";
			developmentRegion = English;
			hasScannedForEncodings = 0;
			knownRegions = (
				en,
				Base,
			);
			mainGroup = A74963DE1EAFDF4000905650;
			productRefGroup = A74963E81EAFDF4000905650 /* Products */;
			projectDirPath = "";
			projectRoot = "";
			targets = (
				A74963E61EAFDF4000905650 /* NetworkingAPIGithub */,
			);
		};
/* End PBXProject section */

/* Begin PBXResourcesBuildPhase section */
		A74963E51EAFDF4000905650 /* Resources */ = {
			isa = PBXResourcesBuildPhase;
			buildActionMask = 2147483647;
			files = (
				A74963FF1EAFED4900905650 /* Main.storyboard in Resources */,
				A74963F51EAFDF4000905650 /* LaunchScreen.storyboard in Resources */,
				A74963F21EAFDF4000905650 /* Assets.xcassets in Resources */,
			);
			runOnlyForDeploymentPostprocessing = 0;
		};
/* End PBXResourcesBuildPhase section */

/* Begin PBXSourcesBuildPhase section */
		A74963E31EAFDF4000905650 /* Sources */ = {
			isa = PBXSourcesBuildPhase;
			buildActionMask = 2147483647;
			files = (
				A74963ED1EAFDF4000905650 /* ViewController.swift in Sources */,
				A74963FD1EAFED2100905650 /* TableViewController.swift in Sources */,
				A74963EB1EAFDF4000905650 /* AppDelegate.swift in Sources */,
			);
			runOnlyForDeploymentPostprocessing = 0;
		};
/* End PBXSourcesBuildPhase section */

/* Begin PBXVariantGroup section */
		A74963F31EAFDF4000905650 /* LaunchScreen.storyboard */ = {
			isa = PBXVariantGroup;
			children = (
				A74963F41EAFDF4000905650 /* Base */,
			);
			name = LaunchScreen.storyboard;
			sourceTree = "<group>";
		};
/* End PBXVariantGroup section */

/* Begin XCBuildConfiguration section */
		A74963F71EAFDF4000905650 /* Debug */ = {
			isa = XCBuildConfiguration;
			buildSettings = {
				ALWAYS_SEARCH_USER_PATHS = NO;
				CLANG_ANALYZER_NONNULL = YES;
				CLANG_ANALYZER_NUMBER_OBJECT_CONVERSION = YES_AGGRESSIVE;
				CLANG_CXX_LANGUAGE_STANDARD = "gnu++0x";
				CLANG_CXX_LIBRARY = "libc++";
				CLANG_ENABLE_MODULES = YES;
				CLANG_ENABLE_OBJC_ARC = YES;
				CLANG_WARN_BOOL_CONVERSION = YES;
				CLANG_WARN_CONSTANT_CONVERSION = YES;
				CLANG_WARN_DIRECT_OBJC_ISA_USAGE = YES_ERROR;
				CLANG_WARN_DOCUMENTATION_COMMENTS = YES;
				CLANG_WARN_EMPTY_BODY = YES;
				CLANG_WARN_ENUM_CONVERSION = YES;
				CLANG_WARN_INFINITE_RECURSION = YES;
				CLANG_WARN_INT_CONVERSION = YES;
				CLANG_WARN_OBJC_ROOT_CLASS = YES_ERROR;
				CLANG_WARN_SUSPICIOUS_MOVE = YES;
				CLANG_WARN_UNREACHABLE_CODE = YES;
				CLANG_WARN__DUPLICATE_METHOD_MATCH = YES;
				"CODE_SIGN_IDENTITY[sdk=iphoneos*]" = "iPhone Developer";
				COPY_PHASE_STRIP = NO;
				DEBUG_INFORMATION_FORMAT = dwarf;
				ENABLE_STRICT_OBJC_MSGSEND = YES;
				ENABLE_TESTABILITY = YES;
				GCC_C_LANGUAGE_STANDARD = gnu99;
				GCC_DYNAMIC_NO_PIC = NO;
				GCC_NO_COMMON_BLOCKS = YES;
				GCC_OPTIMIZATION_LEVEL = 0;
				GCC_PREPROCESSOR_DEFINITIONS = (
					"DEBUG=1",
					"$(inherited)",
				);
				GCC_WARN_64_TO_32_BIT_CONVERSION = YES;
				GCC_WARN_ABOUT_RETURN_TYPE = YES_ERROR;
				GCC_WARN_UNDECLARED_SELECTOR = YES;
				GCC_WARN_UNINITIALIZED_AUTOS = YES_AGGRESSIVE;
				GCC_WARN_UNUSED_FUNCTION = YES;
				GCC_WARN_UNUSED_VARIABLE = YES;
				IPHONEOS_DEPLOYMENT_TARGET = 10.3;
				MTL_ENABLE_DEBUG_INFO = YES;
				ONLY_ACTIVE_ARCH = YES;
				SDKROOT = iphoneos;
				SWIFT_ACTIVE_COMPILATION_CONDITIONS = DEBUG;
				SWIFT_OPTIMIZATION_LEVEL = "-Onone";
				TARGETED_DEVICE_FAMILY = "1,2";
			};
			name = Debug;
		};
		A74963F81EAFDF4000905650 /* Release */ = {
			isa = XCBuildConfiguration;
			buildSettings = {
				ALWAYS_SEARCH_USER_PATHS = NO;
				CLANG_ANALYZER_NONNULL = YES;
				CLANG_ANALYZER_NUMBER_OBJECT_CONVERSION = YES_AGGRESSIVE;
				CLANG_CXX_LANGUAGE_STANDARD = "gnu++0x";
				CLANG_CXX_LIBRARY = "libc++";
				CLANG_ENABLE_MODULES = YES;
				CLANG_ENABLE_OBJC_ARC = YES;
				CLANG_WARN_BOOL_CONVERSION = YES;
				CLANG_WARN_CONSTANT_CONVERSION = YES;
				CLANG_WARN_DIRECT_OBJC_ISA_USAGE = YES_ERROR;
				CLANG_WARN_DOCUMENTATION_COMMENTS = YES;
				CLANG_WARN_EMPTY_BODY = YES;
				CLANG_WARN_ENUM_CONVERSION = YES;
				CLANG_WARN_INFINITE_RECURSION = YES;
				CLANG_WARN_INT_CONVERSION = YES;
				CLANG_WARN_OBJC_ROOT_CLASS = YES_ERROR;
				CLANG_WARN_SUSPICIOUS_MOVE = YES;
				CLANG_WARN_UNREACHABLE_CODE = YES;
				CLANG_WARN__DUPLICATE_METHOD_MATCH = YES;
				"CODE_SIGN_IDENTITY[sdk=iphoneos*]" = "iPhone Developer";
				COPY_PHASE_STRIP = NO;
				DEBUG_INFORMATION_FORMAT = "dwarf-with-dsym";
				ENABLE_NS_ASSERTIONS = NO;
				ENABLE_STRICT_OBJC_MSGSEND = YES;
				GCC_C_LANGUAGE_STANDARD = gnu99;
				GCC_NO_COMMON_BLOCKS = YES;
				GCC_WARN_64_TO_32_BIT_CONVERSION = YES;
				GCC_WARN_ABOUT_RETURN_TYPE = YES_ERROR;
				GCC_WARN_UNDECLARED_SELECTOR = YES;
				GCC_WARN_UNINITIALIZED_AUTOS = YES_AGGRESSIVE;
				GCC_WARN_UNUSED_FUNCTION = YES;
				GCC_WARN_UNUSED_VARIABLE = YES;
				IPHONEOS_DEPLOYMENT_TARGET = 10.3;
				MTL_ENABLE_DEBUG_INFO = NO;
				SDKROOT = iphoneos;
				SWIFT_OPTIMIZATION_LEVEL = "-Owholemodule";
				TARGETED_DEVICE_FAMILY = "1,2";
				VALIDATE_PRODUCT = YES;
			};
			name = Release;
		};
		A74963FA1EAFDF4000905650 /* Debug */ = {
			isa = XCBuildConfiguration;
			buildSettings = {
				ASSETCATALOG_COMPILER_APPICON_NAME = AppIcon;
				DEVELOPMENT_TEAM = HJ323MUWXQ;
				INFOPLIST_FILE = NetworkingAPIGithub/Info.plist;
				LD_RUNPATH_SEARCH_PATHS = "$(inherited) @executable_path/Frameworks";
				PRODUCT_BUNDLE_IDENTIFIER = com.finatechal.demo.NetworkingAPIGithub;
				PRODUCT_NAME = "$(TARGET_NAME)";
				SWIFT_VERSION = 3.0;
			};
			name = Debug;
		};
		A74963FB1EAFDF4000905650 /* Release */ = {
			isa = XCBuildConfiguration;
			buildSettings = {
				ASSETCATALOG_COMPILER_APPICON_NAME = AppIcon;
				DEVELOPMENT_TEAM = HJ323MUWXQ;
				INFOPLIST_FILE = NetworkingAPIGithub/Info.plist;
				LD_RUNPATH_SEARCH_PATHS = "$(inherited) @executable_path/Frameworks";
				PRODUCT_BUNDLE_IDENTIFIER = com.finatechal.demo.NetworkingAPIGithub;
				PRODUCT_NAME = "$(TARGET_NAME)";
				SWIFT_VERSION = 3.0;
			};
			name = Release;
		};
/* End XCBuildConfiguration section */

/* Begin XCConfigurationList section */
		A74963E21EAFDF4000905650 /* Build configuration list for PBXProject "NetworkingAPIGithub" */ = {
			isa = XCConfigurationList;
			buildConfigurations = (
				A74963F71EAFDF4000905650 /* Debug */,
				A74963F81EAFDF4000905650 /* Release */,
			);
			defaultConfigurationIsVisible = 0;
			defaultConfigurationName = Release;
		};
		A74963F91EAFDF4000905650 /* Build configuration list for PBXNativeTarget "NetworkingAPIGithub" */ = {
			isa = XCConfigurationList;
			buildConfigurations = (
				A74963FA1EAFDF4000905650 /* Debug */,
				A74963FB1EAFDF4000905650 /* Release */,
			);
			defaultConfigurationIsVisible = 0;
		};
/* End XCConfigurationList section */
	};
	rootObject = A74963DF1EAFDF4000905650 /* Project object */;
}
